
Microsoft Visual Studio Solution File, Format Version 12.00
# Visual Studio 14
VisualStudioVersion = 14.0.23107.0
MinimumVisualStudioVersion = 10.0.40219.1
Project("{159641D6-6404-4A2A-AE62-294DE0FE8301}") = "Daily Updates Services Project", "Daily Updates Services Project\Daily Updates Services Project.dtproj", "{FEB9736D-AC83-4523-BF3B-B1AF217BD48F}"
EndProject
Global
	GlobalSection(SolutionConfigurationPlatforms) = preSolution
		Development|Default = Development|Default
	EndGlobalSection
	GlobalSection(ProjectConfigurationPlatforms) = postSolution
		{FEB9736D-AC83-4523-BF3B-B1AF217BD48F}.Development|Default.ActiveCfg = Development
		{FEB9736D-AC83-4523-BF3B-B1AF217BD48F}.Development|Default.Build.0 = Development
	EndGlobalSection
	GlobalSection(SolutionProperties) = preSolution
		HideSolutionNode = FALSE
	EndGlobalSection
EndGlobal
